// !$*UTF8*$!
{
	archiveVersion = 1;
	classes = {
	};
	objectVersion = 77;
	objects = {

/* Begin PBXContainerItemProxy section */
		3CDE5AB52CFA682C005C24F1 /* PBXContainerItemProxy */ = {
			isa = PBXContainerItemProxy;
			containerPortal = 3CDE5A9C2CFA682A005C24F1 /* Project object */;
			proxyType = 1;
			remoteGlobalIDString = 3CDE5AA32CFA682A005C24F1;
			remoteInfo = SwiftAnimator;
		};
		3CDE5ABF2CFA682C005C24F1 /* PBXContainerItemProxy */ = {
			isa = PBXContainerItemProxy;
			containerPortal = 3CDE5A9C2CFA682A005C24F1 /* Project object */;
			proxyType = 1;
			remoteGlobalIDString = 3CDE5AA32CFA682A005C24F1;
			remoteInfo = SwiftAnimator;
		};
/* End PBXContainerItemProxy section */

/* Begin PBXFileReference section */
		3CDE5AA42CFA682A005C24F1 /* SwiftAnimator.app */ = {isa = PBXFileReference; explicitFileType = wrapper.application; includeInIndex = 0; path = SwiftAnimator.app; sourceTree = BUILT_PRODUCTS_DIR; };
		3CDE5AB42CFA682C005C24F1 /* SwiftAnimatorTests.xctest */ = {isa = PBXFileReference; explicitFileType = wrapper.cfbundle; includeInIndex = 0; path = SwiftAnimatorTests.xctest; sourceTree = BUILT_PRODUCTS_DIR; };
		3CDE5ABE2CFA682C005C24F1 /* SwiftAnimatorUITests.xctest */ = {isa = PBXFileReference; explicitFileType = wrapper.cfbundle; includeInIndex = 0; path = SwiftAnimatorUITests.xctest; sourceTree = BUILT_PRODUCTS_DIR; };
/* End PBXFileReference section */

/* Begin PBXFileSystemSynchronizedRootGroup section */
		3CDE5AA62CFA682A005C24F1 /* SwiftAnimator */ = {
			isa = PBXFileSystemSynchronizedRootGroup;
			path = SwiftAnimator;
			sourceTree = "<group>";
		};
		3CDE5AB72CFA682C005C24F1 /* SwiftAnimatorTests */ = {
			isa = PBXFileSystemSynchronizedRootGroup;
			path = SwiftAnimatorTests;
			sourceTree = "<group>";
		};
		3CDE5AC12CFA682C005C24F1 /* SwiftAnimatorUITests */ = {
			isa = PBXFileSystemSynchronizedRootGroup;
			path = SwiftAnimatorUITests;
			sourceTree = "<group>";
		};
/* End PBXFileSystemSynchronizedRootGroup section */

/* Begin PBXFrameworksBuildPhase section */
		3CDE5AA12CFA682A005C24F1 /* Frameworks */ = {
			isa = PBXFrameworksBuildPhase;
			buildActionMask = 2147483647;
			files = (
			);
			runOnlyForDeploymentPostprocessing = 0;
		};
		3CDE5AB12CFA682C005C24F1 /* Frameworks */ = {
			isa = PBXFrameworksBuildPhase;
			buildActionMask = 2147483647;
			files = (
			);
			runOnlyForDeploymentPostprocessing = 0;
		};
		3CDE5ABB2CFA682C005C24F1 /* Frameworks */ = {
			isa = PBXFrameworksBuildPhase;
			buildActionMask = 2147483647;
			files = (
			);
			runOnlyForDeploymentPostprocessing = 0;
		};
/* End PBXFrameworksBuildPhase section */

/* Begin PBXGroup section */
		3CDE5A9B2CFA682A005C24F1 = {
			isa = PBXGroup;
			children = (
				3CDE5AA62CFA682A005C24F1 /* SwiftAnimator */,
				3CDE5AB72CFA682C005C24F1 /* SwiftAnimatorTests */,
				3CDE5AC12CFA682C005C24F1 /* SwiftAnimatorUITests */,
				3CDE5AA52CFA682A005C24F1 /* Products */,
			);
			sourceTree = "<group>";
		};
		3CDE5AA52CFA682A005C24F1 /* Products */ = {
			isa = PBXGroup;
			children = (
				3CDE5AA42CFA682A005C24F1 /* SwiftAnimator.app */,
				3CDE5AB42CFA682C005C24F1 /* SwiftAnimatorTests.xctest */,
				3CDE5ABE2CFA682C005C24F1 /* SwiftAnimatorUITests.xctest */,
			);
			name = Products;
			sourceTree = "<group>";
		};
/* End PBXGroup section */

/* Begin PBXNativeTarget section */
		3CDE5AA32CFA682A005C24F1 /* SwiftAnimator */ = {
			isa = PBXNativeTarget;
			buildConfigurationList = 3CDE5AC82CFA682C005C24F1 /* Build configuration list for PBXNativeTarget "SwiftAnimator" */;
			buildPhases = (
				3CDE5AA02CFA682A005C24F1 /* Sources */,
				3CDE5AA12CFA682A005C24F1 /* Frameworks */,
				3CDE5AA22CFA682A005C24F1 /* Resources */,
			);
			buildRules = (
			);
			dependencies = (
			);
			fileSystemSynchronizedGroups = (
				3CDE5AA62CFA682A005C24F1 /* SwiftAnimator */,
			);
			name = SwiftAnimator;
			packageProductDependencies = (
			);
			productName = SwiftAnimator;
			productReference = 3CDE5AA42CFA682A005C24F1 /* SwiftAnimator.app */;
			productType = "com.apple.product-type.application";
		};
		3CDE5AB32CFA682C005C24F1 /* SwiftAnimatorTests */ = {
			isa = PBXNativeTarget;
			buildConfigurationList = 3CDE5ACB2CFA682C005C24F1 /* Build configuration list for PBXNativeTarget "SwiftAnimatorTests" */;
			buildPhases = (
				3CDE5AB02CFA682C005C24F1 /* Sources */,
				3CDE5AB12CFA682C005C24F1 /* Frameworks */,
				3CDE5AB22CFA682C005C24F1 /* Resources */,
			);
			buildRules = (
			);
			dependencies = (
				3CDE5AB62CFA682C005C24F1 /* PBXTargetDependency */,
			);
			fileSystemSynchronizedGroups = (
				3CDE5AB72CFA682C005C24F1 /* SwiftAnimatorTests */,
			);
			name = SwiftAnimatorTests;
			packageProductDependencies = (
			);
			productName = SwiftAnimatorTests;
			productReference = 3CDE5AB42CFA682C005C24F1 /* SwiftAnimatorTests.xctest */;
			productType = "com.apple.product-type.bundle.unit-test";
		};
		3CDE5ABD2CFA682C005C24F1 /* SwiftAnimatorUITests */ = {
			isa = PBXNativeTarget;
			buildConfigurationList = 3CDE5ACE2CFA682C005C24F1 /* Build configuration list for PBXNativeTarget "SwiftAnimatorUITests" */;
			buildPhases = (
				3CDE5ABA2CFA682C005C24F1 /* Sources */,
				3CDE5ABB2CFA682C005C24F1 /* Frameworks */,
				3CDE5ABC2CFA682C005C24F1 /* Resources */,
			);
			buildRules = (
			);
			dependencies = (
				3CDE5AC02CFA682C005C24F1 /* PBXTargetDependency */,
			);
			fileSystemSynchronizedGroups = (
				3CDE5AC12CFA682C005C24F1 /* SwiftAnimatorUITests */,
			);
			name = SwiftAnimatorUITests;
			packageProductDependencies = (
			);
			productName = SwiftAnimatorUITests;
			productReference = 3CDE5ABE2CFA682C005C24F1 /* SwiftAnimatorUITests.xctest */;
			productType = "com.apple.product-type.bundle.ui-testing";
		};
/* End PBXNativeTarget section */

/* Begin PBXProject section */
		3CDE5A9C2CFA682A005C24F1 /* Project object */ = {
			isa = PBXProject;
			attributes = {
				BuildIndependentTargetsInParallel = 1;
				LastSwiftUpdateCheck = 1610;
				LastUpgradeCheck = 1610;
				TargetAttributes = {
					3CDE5AA32CFA682A005C24F1 = {
						CreatedOnToolsVersion = 16.1;
					};
					3CDE5AB32CFA682C005C24F1 = {
						CreatedOnToolsVersion = 16.1;
						TestTargetID = 3CDE5AA32CFA682A005C24F1;
					};
					3CDE5ABD2CFA682C005C24F1 = {
						CreatedOnToolsVersion = 16.1;
						TestTargetID = 3CDE5AA32CFA682A005C24F1;
					};
				};
			};
			buildConfigurationList = 3CDE5A9F2CFA682A005C24F1 /* Build configuration list for PBXProject "SwiftAnimator" */;
			developmentRegion = en;
			hasScannedForEncodings = 0;
			knownRegions = (
				en,
				Base,
			);
			mainGroup = 3CDE5A9B2CFA682A005C24F1;
			minimizedProjectReferenceProxies = 1;
			preferredProjectObjectVersion = 77;
			productRefGroup = 3CDE5AA52CFA682A005C24F1 /* Products */;
			projectDirPath = "";
			projectRoot = "";
			targets = (
				3CDE5AA32CFA682A005C24F1 /* SwiftAnimator */,
				3CDE5AB32CFA682C005C24F1 /* SwiftAnimatorTests */,
				3CDE5ABD2CFA682C005C24F1 /* SwiftAnimatorUITests */,
			);
		};
/* End PBXProject section */

/* Begin PBXResourcesBuildPhase section */
		3CDE5AA22CFA682A005C24F1 /* Resources */ = {
			isa = PBXResourcesBuildPhase;
			buildActionMask = 2147483647;
			files = (
			);
			runOnlyForDeploymentPostprocessing = 0;
		};
		3CDE5AB22CFA682C005C24F1 /* Resources */ = {
			isa = PBXResourcesBuildPhase;
			buildActionMask = 2147483647;
			files = (
			);
			runOnlyForDeploymentPostprocessing = 0;
		};
		3CDE5ABC2CFA682C005C24F1 /* Resources */ = {
			isa = PBXResourcesBuildPhase;
			buildActionMask = 2147483647;
			files = (
			);
			runOnlyForDeploymentPostprocessing = 0;
		};
/* End PBXResourcesBuildPhase section */

/* Begin PBXSourcesBuildPhase section */
		3CDE5AA02CFA682A005C24F1 /* Sources */ = {
			isa = PBXSourcesBuildPhase;
			buildActionMask = 2147483647;
			files = (
			);
			runOnlyForDeploymentPostprocessing = 0;
		};
		3CDE5AB02CFA682C005C24F1 /* Sources */ = {
			isa = PBXSourcesBuildPhase;
			buildActionMask = 2147483647;
			files = (
			);
			runOnlyForDeploymentPostprocessing = 0;
		};
		3CDE5ABA2CFA682C005C24F1 /* Sources */ = {
			isa = PBXSourcesBuildPhase;
			buildActionMask = 2147483647;
			files = (
			);
			runOnlyForDeploymentPostprocessing = 0;
		};
/* End PBXSourcesBuildPhase section */

/* Begin PBXTargetDependency section */
		3CDE5AB62CFA682C005C24F1 /* PBXTargetDependency */ = {
			isa = PBXTargetDependency;
			target = 3CDE5AA32CFA682A005C24F1 /* SwiftAnimator */;
			targetProxy = 3CDE5AB52CFA682C005C24F1 /* PBXContainerItemProxy */;
		};
		3CDE5AC02CFA682C005C24F1 /* PBXTargetDependency */ = {
			isa = PBXTargetDependency;
			target = 3CDE5AA32CFA682A005C24F1 /* SwiftAnimator */;
			targetProxy = 3CDE5ABF2CFA682C005C24F1 /* PBXContainerItemProxy */;
		};
/* End PBXTargetDependency section */

/* Begin XCBuildConfiguration section */
		3CDE5AC62CFA682C005C24F1 /* Debug */ = {
			isa = XCBuildConfiguration;
			buildSettings = {
				ALWAYS_SEARCH_USER_PATHS = NO;
				ASSETCATALOG_COMPILER_GENERATE_SWIFT_ASSET_SYMBOL_EXTENSIONS = YES;
				CLANG_ANALYZER_NONNULL = YES;
				CLANG_ANALYZER_NUMBER_OBJECT_CONVERSION = YES_AGGRESSIVE;
				CLANG_CXX_LANGUAGE_STANDARD = "gnu++20";
				CLANG_ENABLE_MODULES = YES;
				CLANG_ENABLE_OBJC_ARC = YES;
				CLANG_ENABLE_OBJC_WEAK = YES;
				CLANG_WARN_BLOCK_CAPTURE_AUTORELEASING = YES;
				CLANG_WARN_BOOL_CONVERSION = YES;
				CLANG_WARN_COMMA = YES;
				CLANG_WARN_CONSTANT_CONVERSION = YES;
				CLANG_WARN_DEPRECATED_OBJC_IMPLEMENTATIONS = YES;
				CLANG_WARN_DIRECT_OBJC_ISA_USAGE = YES_ERROR;
				CLANG_WARN_DOCUMENTATION_COMMENTS = YES;
				CLANG_WARN_EMPTY_BODY = YES;
				CLANG_WARN_ENUM_CONVERSION = YES;
				CLANG_WARN_INFINITE_RECURSION = YES;
				CLANG_WARN_INT_CONVERSION = YES;
				CLANG_WARN_NON_LITERAL_NULL_CONVERSION = YES;
				CLANG_WARN_OBJC_IMPLICIT_RETAIN_SELF = YES;
				CLANG_WARN_OBJC_LITERAL_CONVERSION = YES;
				CLANG_WARN_OBJC_ROOT_CLASS = YES_ERROR;
				CLANG_WARN_QUOTED_INCLUDE_IN_FRAMEWORK_HEADER = YES;
				CLANG_WARN_RANGE_LOOP_ANALYSIS = YES;
				CLANG_WARN_STRICT_PROTOTYPES = YES;
				CLANG_WARN_SUSPICIOUS_MOVE = YES;
				CLANG_WARN_UNGUARDED_AVAILABILITY = YES_AGGRESSIVE;
				CLANG_WARN_UNREACHABLE_CODE = YES;
				CLANG_WARN__DUPLICATE_METHOD_MATCH = YES;
				COPY_PHASE_STRIP = NO;
				DEBUG_INFORMATION_FORMAT = dwarf;
				ENABLE_STRICT_OBJC_MSGSEND = YES;
				ENABLE_TESTABILITY = YES;
				ENABLE_USER_SCRIPT_SANDBOXING = YES;
				GCC_C_LANGUAGE_STANDARD = gnu17;
				GCC_DYNAMIC_NO_PIC = NO;
				GCC_NO_COMMON_BLOCKS = YES;
				GCC_OPTIMIZATION_LEVEL = 0;
				GCC_PREPROCESSOR_DEFINITIONS = (
					"DEBUG=1",
					"$(inherited)",
				);
				GCC_WARN_64_TO_32_BIT_CONVERSION = YES;
				GCC_WARN_ABOUT_RETURN_TYPE = YES_ERROR;
				GCC_WARN_UNDECLARED_SELECTOR = YES;
				GCC_WARN_UNINITIALIZED_AUTOS = YES_AGGRESSIVE;
				GCC_WARN_UNUSED_FUNCTION = YES;
				GCC_WARN_UNUSED_VARIABLE = YES;
				IPHONEOS_DEPLOYMENT_TARGET = 18.1;
				LOCALIZATION_PREFERS_STRING_CATALOGS = YES;
				MTL_ENABLE_DEBUG_INFO = INCLUDE_SOURCE;
				MTL_FAST_MATH = YES;
				ONLY_ACTIVE_ARCH = YES;
				SDKROOT = iphoneos;
				SWIFT_ACTIVE_COMPILATION_CONDITIONS = "DEBUG $(inherited)";
				SWIFT_OPTIMIZATION_LEVEL = "-Onone";
			};
			name = Debug;
		};
		3CDE5AC72CFA682C005C24F1 /* Release */ = {
			isa = XCBuildConfiguration;
			buildSettings = {
				ALWAYS_SEARCH_USER_PATHS = NO;
				ASSETCATALOG_COMPILER_GENERATE_SWIFT_ASSET_SYMBOL_EXTENSIONS = YES;
				CLANG_ANALYZER_NONNULL = YES;
				CLANG_ANALYZER_NUMBER_OBJECT_CONVERSION = YES_AGGRESSIVE;
				CLANG_CXX_LANGUAGE_STANDARD = "gnu++20";
				CLANG_ENABLE_MODULES = YES;
				CLANG_ENABLE_OBJC_ARC = YES;
				CLANG_ENABLE_OBJC_WEAK = YES;
				CLANG_WARN_BLOCK_CAPTURE_AUTORELEASING = YES;
				CLANG_WARN_BOOL_CONVERSION = YES;
				CLANG_WARN_COMMA = YES;
				CLANG_WARN_CONSTANT_CONVERSION = YES;
				CLANG_WARN_DEPRECATED_OBJC_IMPLEMENTATIONS = YES;
				CLANG_WARN_DIRECT_OBJC_ISA_USAGE = YES_ERROR;
				CLANG_WARN_DOCUMENTATION_COMMENTS = YES;
				CLANG_WARN_EMPTY_BODY = YES;
				CLANG_WARN_ENUM_CONVERSION = YES;
				CLANG_WARN_INFINITE_RECURSION = YES;
				CLANG_WARN_INT_CONVERSION = YES;
				CLANG_WARN_NON_LITERAL_NULL_CONVERSION = YES;
				CLANG_WARN_OBJC_IMPLICIT_RETAIN_SELF = YES;
				CLANG_WARN_OBJC_LITERAL_CONVERSION = YES;
				CLANG_WARN_OBJC_ROOT_CLASS = YES_ERROR;
				CLANG_WARN_QUOTED_INCLUDE_IN_FRAMEWORK_HEADER = YES;
				CLANG_WARN_RANGE_LOOP_ANALYSIS = YES;
				CLANG_WARN_STRICT_PROTOTYPES = YES;
				CLANG_WARN_SUSPICIOUS_MOVE = YES;
				CLANG_WARN_UNGUARDED_AVAILABILITY = YES_AGGRESSIVE;
				CLANG_WARN_UNREACHABLE_CODE = YES;
				CLANG_WARN__DUPLICATE_METHOD_MATCH = YES;
				COPY_PHASE_STRIP = NO;
				DEBUG_INFORMATION_FORMAT = "dwarf-with-dsym";
				ENABLE_NS_ASSERTIONS = NO;
				ENABLE_STRICT_OBJC_MSGSEND = YES;
				ENABLE_USER_SCRIPT_SANDBOXING = YES;
				GCC_C_LANGUAGE_STANDARD = gnu17;
				GCC_NO_COMMON_BLOCKS = YES;
				GCC_WARN_64_TO_32_BIT_CONVERSION = YES;
				GCC_WARN_ABOUT_RETURN_TYPE = YES_ERROR;
				GCC_WARN_UNDECLARED_SELECTOR = YES;
				GCC_WARN_UNINITIALIZED_AUTOS = YES_AGGRESSIVE;
				GCC_WARN_UNUSED_FUNCTION = YES;
				GCC_WARN_UNUSED_VARIABLE = YES;
				IPHONEOS_DEPLOYMENT_TARGET = 18.1;
				LOCALIZATION_PREFERS_STRING_CATALOGS = YES;
				MTL_ENABLE_DEBUG_INFO = NO;
				MTL_FAST_MATH = YES;
				SDKROOT = iphoneos;
				SWIFT_COMPILATION_MODE = wholemodule;
				VALIDATE_PRODUCT = YES;
			};
			name = Release;
		};
		3CDE5AC92CFA682C005C24F1 /* Debug */ = {
			isa = XCBuildConfiguration;
			buildSettings = {
				ASSETCATALOG_COMPILER_APPICON_NAME = AppIcon;
				ASSETCATALOG_COMPILER_GLOBAL_ACCENT_COLOR_NAME = AccentColor;
				CODE_SIGN_STYLE = Automatic;
				CURRENT_PROJECT_VERSION = 1;
				DEVELOPMENT_ASSET_PATHS = "\"SwiftAnimator/Preview Content\"";
				DEVELOPMENT_TEAM = UE5J455R97;
				ENABLE_PREVIEWS = YES;
				GENERATE_INFOPLIST_FILE = YES;
				INFOPLIST_KEY_UIApplicationSceneManifest_Generation = YES;
				INFOPLIST_KEY_UIApplicationSupportsIndirectInputEvents = YES;
				INFOPLIST_KEY_UILaunchScreen_Generation = YES;
				INFOPLIST_KEY_UISupportedInterfaceOrientations_iPad = "UIInterfaceOrientationPortrait UIInterfaceOrientationPortraitUpsideDown UIInterfaceOrientationLandscapeLeft UIInterfaceOrientationLandscapeRight";
				INFOPLIST_KEY_UISupportedInterfaceOrientations_iPhone = "UIInterfaceOrientationPortrait UIInterfaceOrientationLandscapeLeft UIInterfaceOrientationLandscapeRight";
				LD_RUNPATH_SEARCH_PATHS = (
					"$(inherited)",
					"@executable_path/Frameworks",
				);
				MARKETING_VERSION = 1.0;
				PRODUCT_BUNDLE_IDENTIFIER = com.shubi.jin.SwiftAnimator;
				PRODUCT_NAME = "$(TARGET_NAME)";
				SWIFT_EMIT_LOC_STRINGS = YES;
				SWIFT_VERSION = 5.0;
				TARGETED_DEVICE_FAMILY = "1,2";
			};
			name = Debug;
		};
		3CDE5ACA2CFA682C005C24F1 /* Release */ = {
			isa = XCBuildConfiguration;
			buildSettings = {
				ASSETCATALOG_COMPILER_APPICON_NAME = AppIcon;
				ASSETCATALOG_COMPILER_GLOBAL_ACCENT_COLOR_NAME = AccentColor;
				CODE_SIGN_STYLE = Automatic;
				CURRENT_PROJECT_VERSION = 1;
				DEVELOPMENT_ASSET_PATHS = "\"SwiftAnimator/Preview Content\"";
				DEVELOPMENT_TEAM = UE5J455R97;
				ENABLE_PREVIEWS = YES;
				GENERATE_INFOPLIST_FILE = YES;
				INFOPLIST_KEY_UIApplicationSceneManifest_Generation = YES;
				INFOPLIST_KEY_UIApplicationSupportsIndirectInputEvents = YES;
				INFOPLIST_KEY_UILaunchScreen_Generation = YES;
				INFOPLIST_KEY_UISupportedInterfaceOrientations_iPad = "UIInterfaceOrientationPortrait UIInterfaceOrientationPortraitUpsideDown UIInterfaceOrientationLandscapeLeft UIInterfaceOrientationLandscapeRight";
				INFOPLIST_KEY_UISupportedInterfaceOrientations_iPhone = "UIInterfaceOrientationPortrait UIInterfaceOrientationLandscapeLeft UIInterfaceOrientationLandscapeRight";
				LD_RUNPATH_SEARCH_PATHS = (
					"$(inherited)",
					"@executable_path/Frameworks",
				);
				MARKETING_VERSION = 1.0;
				PRODUCT_BUNDLE_IDENTIFIER = com.shubi.jin.SwiftAnimator;
				PRODUCT_NAME = "$(TARGET_NAME)";
				SWIFT_EMIT_LOC_STRINGS = YES;
				SWIFT_VERSION = 5.0;
				TARGETED_DEVICE_FAMILY = "1,2";
			};
			name = Release;
		};
		3CDE5ACC2CFA682C005C24F1 /* Debug */ = {
			isa = XCBuildConfiguration;
			buildSettings = {
				BUNDLE_LOADER = "$(TEST_HOST)";
				CODE_SIGN_STYLE = Automatic;
				CURRENT_PROJECT_VERSION = 1;
				DEVELOPMENT_TEAM = UE5J455R97;
				GENERATE_INFOPLIST_FILE = YES;
				IPHONEOS_DEPLOYMENT_TARGET = 18.1;
				MARKETING_VERSION = 1.0;
				PRODUCT_BUNDLE_IDENTIFIER = com.shubi.jin.SwiftAnimatorTests;
				PRODUCT_NAME = "$(TARGET_NAME)";
				SWIFT_EMIT_LOC_STRINGS = NO;
				SWIFT_VERSION = 5.0;
				TARGETED_DEVICE_FAMILY = "1,2";
				TEST_HOST = "$(BUILT_PRODUCTS_DIR)/SwiftAnimator.app/$(BUNDLE_EXECUTABLE_FOLDER_PATH)/SwiftAnimator";
			};
			name = Debug;
		};
		3CDE5ACD2CFA682C005C24F1 /* Release */ = {
			isa = XCBuildConfiguration;
			buildSettings = {
				BUNDLE_LOADER = "$(TEST_HOST)";
				CODE_SIGN_STYLE = Automatic;
				CURRENT_PROJECT_VERSION = 1;
				DEVELOPMENT_TEAM = UE5J455R97;
				GENERATE_INFOPLIST_FILE = YES;
				IPHONEOS_DEPLOYMENT_TARGET = 18.1;
				MARKETING_VERSION = 1.0;
				PRODUCT_BUNDLE_IDENTIFIER = com.shubi.jin.SwiftAnimatorTests;
				PRODUCT_NAME = "$(TARGET_NAME)";
				SWIFT_EMIT_LOC_STRINGS = NO;
				SWIFT_VERSION = 5.0;
				TARGETED_DEVICE_FAMILY = "1,2";
				TEST_HOST = "$(BUILT_PRODUCTS_DIR)/SwiftAnimator.app/$(BUNDLE_EXECUTABLE_FOLDER_PATH)/SwiftAnimator";
			};
			name = Release;
		};
		3CDE5ACF2CFA682C005C24F1 /* Debug */ = {
			isa = XCBuildConfiguration;
			buildSettings = {
				CODE_SIGN_STYLE = Automatic;
				CURRENT_PROJECT_VERSION = 1;
				DEVELOPMENT_TEAM = UE5J455R97;
				GENERATE_INFOPLIST_FILE = YES;
				MARKETING_VERSION = 1.0;
				PRODUCT_BUNDLE_IDENTIFIER = com.shubi.jin.SwiftAnimatorUITests;
				PRODUCT_NAME = "$(TARGET_NAME)";
				SWIFT_EMIT_LOC_STRINGS = NO;
				SWIFT_VERSION = 5.0;
				TARGETED_DEVICE_FAMILY = "1,2";
				TEST_TARGET_NAME = SwiftAnimator;
			};
			name = Debug;
		};
		3CDE5AD02CFA682C005C24F1 /* Release */ = {
			isa = XCBuildConfiguration;
			buildSettings = {
				CODE_SIGN_STYLE = Automatic;
				CURRENT_PROJECT_VERSION = 1;
				DEVELOPMENT_TEAM = UE5J455R97;
				GENERATE_INFOPLIST_FILE = YES;
				MARKETING_VERSION = 1.0;
				PRODUCT_BUNDLE_IDENTIFIER = com.shubi.jin.SwiftAnimatorUITests;
				PRODUCT_NAME = "$(TARGET_NAME)";
				SWIFT_EMIT_LOC_STRINGS = NO;
				SWIFT_VERSION = 5.0;
				TARGETED_DEVICE_FAMILY = "1,2";
				TEST_TARGET_NAME = SwiftAnimator;
			};
			name = Release;
		};
/* End XCBuildConfiguration section */

/* Begin XCConfigurationList section */
		3CDE5A9F2CFA682A005C24F1 /* Build configuration list for PBXProject "SwiftAnimator" */ = {
			isa = XCConfigurationList;
			buildConfigurations = (
				3CDE5AC62CFA682C005C24F1 /* Debug */,
				3CDE5AC72CFA682C005C24F1 /* Release */,
			);
			defaultConfigurationIsVisible = 0;
			defaultConfigurationName = Release;
		};
		3CDE5AC82CFA682C005C24F1 /* Build configuration list for PBXNativeTarget "SwiftAnimator" */ = {
			isa = XCConfigurationList;
			buildConfigurations = (
				3CDE5AC92CFA682C005C24F1 /* Debug */,
				3CDE5ACA2CFA682C005C24F1 /* Release */,
			);
			defaultConfigurationIsVisible = 0;
			defaultConfigurationName = Release;
		};
		3CDE5ACB2CFA682C005C24F1 /* Build configuration list for PBXNativeTarget "SwiftAnimatorTests" */ = {
			isa = XCConfigurationList;
			buildConfigurations = (
				3CDE5ACC2CFA682C005C24F1 /* Debug */,
				3CDE5ACD2CFA682C005C24F1 /* Release */,
			);
			defaultConfigurationIsVisible = 0;
			defaultConfigurationName = Release;
		};
		3CDE5ACE2CFA682C005C24F1 /* Build configuration list for PBXNativeTarget "SwiftAnimatorUITests" */ = {
			isa = XCConfigurationList;
			buildConfigurations = (
				3CDE5ACF2CFA682C005C24F1 /* Debug */,
				3CDE5AD02CFA682C005C24F1 /* Release */,
			);
			defaultConfigurationIsVisible = 0;
			defaultConfigurationName = Release;
		};
/* End XCConfigurationList section */
	};
	rootObject = 3CDE5A9C2CFA682A005C24F1 /* Project object */;
}
